{
  "version": "5",
  "specifiers": {
    "jsr:@std/assert@1": "1.0.17",
    "jsr:@std/collections@^1.1.3": "1.1.6",
    "jsr:@std/fs@*": "1.0.21",
    "jsr:@std/internal@^1.0.12": "1.0.12",
    "jsr:@std/path@*": "1.1.4",
    "jsr:@std/path@1": "1.1.4",
    "jsr:@std/path@^1.1.4": "1.1.4",
    "jsr:@std/toml@*": "1.0.11",
    "jsr:@std/toml@1": "1.0.11",
    "jsr:@std/yaml@*": "1.0.10",
    "jsr:@std/yaml@1": "1.0.10",
    "npm:marked@15.0.4": "15.0.4"
  },
  "jsr": {
    "@std/assert@1.0.17": {
      "integrity": "df5ebfffe77c03b3fa1401e11c762cc8f603d51021c56c4d15a8c7ab45e90dbe",
      "dependencies": [
        "jsr:@std/internal"
      ]
    },
    "@std/collections@1.1.6": {
      "integrity": "b458160ce65ea5ad35da05d0a5cbee4b583677c8b443a10d7beb0c4ac63f2baa"
    },
    "@std/fs@1.0.21": {
      "integrity": "d720fe1056d78d43065a4d6e0eeb2b19f34adb8a0bc7caf3a4dbf1d4178252cd",
      "dependencies": [
        "jsr:@std/internal",
        "jsr:@std/path@^1.1.4"
      ]
    },
    "@std/internal@1.0.12": {
      "integrity": "972a634fd5bc34b242024402972cd5143eac68d8dffaca5eaa4dba30ce17b027"
    },
    "@std/path@1.1.4": {
      "integrity": "1d2d43f39efb1b42f0b1882a25486647cb851481862dc7313390b2bb044314b5",
      "dependencies": [
        "jsr:@std/internal"
      ]
    },
    "@std/toml@1.0.11": {
      "integrity": "e084988b872ca4bad6aedfb7350f6eeed0e8ba88e9ee5e1590621c5b5bb8f715",
      "dependencies": [
        "jsr:@std/collections"
      ]
    },
    "@std/yaml@1.0.10": {
      "integrity": "245706ea3511cc50c8c6d00339c23ea2ffa27bd2c7ea5445338f8feff31fa58e"
    }
  },
  "npm": {
    "marked@15.0.4": {
      "integrity": "sha512-TCHvDqmb3ZJ4PWG7VEGVgtefA5/euFmsIhxtD0XsBxI39gUSKL81mIRFdt0AiNQozUahd4ke98ZdirExd/vSEw==",
      "bin": true
    }
  },
  "remote": {
    "https://esm.sh/liquidjs@10.19.1": "068f0fce78446ab9073f2a49027f790c3e629f82e0607aa510419b714572ae44",
    "https://esm.sh/liquidjs@10.19.1/denonext/liquidjs.mjs": "bfdfbf8b3a53671f97857dbe7a5fb00996383b153707f77e55134e0b98d6fa47",
    "https://esm.sh/marked@15.0.4": "e4a1ff2f8b644d58fc1f27918f3c9029e398ac253b4c4abd36c2bbc77f35291e",
    "https://esm.sh/marked@15.0.4/denonext/marked.mjs": "7deac264d6034accbec15bb9ad74443a15c6274e53c3bfb7a28ca72b09a6a1ba"
  },
  "workspace": {
    "dependencies": [
      "jsr:@std/assert@1",
      "jsr:@std/path@1",
      "jsr:@std/toml@1",
      "jsr:@std/yaml@1",
      "npm:marked@15.0.4"
    ]
  }
}
